
Microsoft Visual Studio Solution File, Format Version 12.00
# Visual Studio Version 17
VisualStudioVersion = 17.3.32922.545
MinimumVisualStudioVersion = 10.0.40219.1
Project("{FAE04EC0-301F-11D3-BF4B-00C04F79EFBC}") = "WebAPI", "WebAPI\WebAPI.csproj", "{CA3002BF-3165-4CE9-B57B-CD1484A59087}"
EndProject
Global
	GlobalSection(SolutionConfigurationPlatforms) = preSolution
		Debug|Any CPU = Debug|Any CPU
		Release|Any CPU = Release|Any CPU
	EndGlobalSection
	GlobalSection(ProjectConfigurationPlatforms) = postSolution
		{CA3002BF-3165-4CE9-B57B-CD1484A59087}.Debug|Any CPU.ActiveCfg = Debug|Any CPU
		{CA3002BF-3165-4CE9-B57B-CD1484A59087}.Debug|Any CPU.Build.0 = Debug|Any CPU
		{CA3002BF-3165-4CE9-B57B-CD1484A59087}.Release|Any CPU.ActiveCfg = Release|Any CPU
		{CA3002BF-3165-4CE9-B57B-CD1484A59087}.Release|Any CPU.Build.0 = Release|Any CPU
	EndGlobalSection
	GlobalSection(SolutionProperties) = preSolution
		HideSolutionNode = FALSE
	EndGlobalSection
	GlobalSection(ExtensibilityGlobals) = postSolution
		SolutionGuid = {27E1254D-AF3B-43EB-91C9-9E800E46A574}
	EndGlobalSection
EndGlobal
