
Microsoft Visual Studio Solution File, Format Version 12.00
# Visual Studio Version 17
VisualStudioVersion = 17.3.32901.215
MinimumVisualStudioVersion = 10.0.40219.1
Project("{9A19103F-16F7-4668-BE54-9A1E7A4F7556}") = "MVCCoreExample", "MVCCoreExample\MVCCoreExample.csproj", "{593BE8D7-9347-4803-B1BA-6F1E597A40C7}"
EndProject
Project("{FAE04EC0-301F-11D3-BF4B-00C04F79EFBC}") = "DAL", "DAL\DAL.csproj", "{52A3A43F-9E07-4CEE-931E-ECA982503843}"
EndProject
Global
	GlobalSection(SolutionConfigurationPlatforms) = preSolution
		Debug|Any CPU = Debug|Any CPU
		Release|Any CPU = Release|Any CPU
	EndGlobalSection
	GlobalSection(ProjectConfigurationPlatforms) = postSolution
		{593BE8D7-9347-4803-B1BA-6F1E597A40C7}.Debug|Any CPU.ActiveCfg = Debug|Any CPU
		{593BE8D7-9347-4803-B1BA-6F1E597A40C7}.Debug|Any CPU.Build.0 = Debug|Any CPU
		{593BE8D7-9347-4803-B1BA-6F1E597A40C7}.Release|Any CPU.ActiveCfg = Release|Any CPU
		{593BE8D7-9347-4803-B1BA-6F1E597A40C7}.Release|Any CPU.Build.0 = Release|Any CPU
		{52A3A43F-9E07-4CEE-931E-ECA982503843}.Debug|Any CPU.ActiveCfg = Debug|Any CPU
		{52A3A43F-9E07-4CEE-931E-ECA982503843}.Debug|Any CPU.Build.0 = Debug|Any CPU
		{52A3A43F-9E07-4CEE-931E-ECA982503843}.Release|Any CPU.ActiveCfg = Release|Any CPU
		{52A3A43F-9E07-4CEE-931E-ECA982503843}.Release|Any CPU.Build.0 = Release|Any CPU
	EndGlobalSection
	GlobalSection(SolutionProperties) = preSolution
		HideSolutionNode = FALSE
	EndGlobalSection
	GlobalSection(ExtensibilityGlobals) = postSolution
		SolutionGuid = {29FA57DF-4F10-4D9E-9116-F9A99AA1EF87}
	EndGlobalSection
EndGlobal
